
Microsoft Visual Studio Solution File, Format Version 12.00
# Visual Studio 15
VisualStudioVersion = 15.0.26020.0
MinimumVisualStudioVersion = 10.0.40219.1
Project("{FAE04EC0-301F-11D3-BF4B-00C04F79EFBC}") = "TCBlink.NET.Explorer", "TCBlink.NET.Explorer\TCBlink.NET.Explorer.csproj", "{FEC9D60B-9365-46EE-B9F6-1C9B0E32005E}"
EndProject
Project("{FAE04EC0-301F-11D3-BF4B-00C04F79EFBC}") = "HidLibrary", "HidLibrary\HidLibrary.csproj", "{9E8F1D50-74EA-4C60-BD5C-AB2C5B53BC66}"
EndProject
Project("{FAE04EC0-301F-11D3-BF4B-00C04F79EFBC}") = "Blink1", "Blink1\Blink1.csproj", "{ACF2E926-F922-45A8-874B-967AD04BB837}"
EndProject
Project("{FAE04EC0-301F-11D3-BF4B-00C04F79EFBC}") = "TCBlink.NET.Service", "TCBlink.NET.Service\TCBlink.NET.Service.csproj", "{A89D7321-2EEE-4392-A8A8-03969A6E2FF4}"
EndProject
Project("{FAE04EC0-301F-11D3-BF4B-00C04F79EFBC}") = "TCBlink.NET.Common", "TCBlink.NET.Common\TCBlink.NET.Common.csproj", "{650058BD-DE0E-461A-9485-FCF279D984E0}"
EndProject
Project("{2150E333-8FDC-42A3-9474-1A3956D46DE8}") = "lib", "lib", "{48B716BE-EB07-4770-B325-978AD3FAABD1}"
EndProject
Project("{2150E333-8FDC-42A3-9474-1A3956D46DE8}") = "bin", "bin", "{4DC7ACE3-AD17-4002-A9EB-15BB09862DCD}"
EndProject
Project("{2150E333-8FDC-42A3-9474-1A3956D46DE8}") = "test", "test", "{E1431001-4A8C-4CE2-831A-FB091EFB7E2E}"
EndProject
Project("{FAE04EC0-301F-11D3-BF4B-00C04F79EFBC}") = "TCBlink.NET.Common.Tests", "TCBlink.NET.Common.Tests\TCBlink.NET.Common.Tests.csproj", "{AC604BF5-6EDF-416C-A901-9C5F56C594E1}"
EndProject
Global
	GlobalSection(SolutionConfigurationPlatforms) = preSolution
		Debug|Any CPU = Debug|Any CPU
		Release|Any CPU = Release|Any CPU
	EndGlobalSection
	GlobalSection(ProjectConfigurationPlatforms) = postSolution
		{FEC9D60B-9365-46EE-B9F6-1C9B0E32005E}.Debug|Any CPU.ActiveCfg = Debug|Any CPU
		{FEC9D60B-9365-46EE-B9F6-1C9B0E32005E}.Debug|Any CPU.Build.0 = Debug|Any CPU
		{FEC9D60B-9365-46EE-B9F6-1C9B0E32005E}.Release|Any CPU.ActiveCfg = Release|Any CPU
		{FEC9D60B-9365-46EE-B9F6-1C9B0E32005E}.Release|Any CPU.Build.0 = Release|Any CPU
		{9E8F1D50-74EA-4C60-BD5C-AB2C5B53BC66}.Debug|Any CPU.ActiveCfg = Debug|Any CPU
		{9E8F1D50-74EA-4C60-BD5C-AB2C5B53BC66}.Debug|Any CPU.Build.0 = Debug|Any CPU
		{9E8F1D50-74EA-4C60-BD5C-AB2C5B53BC66}.Release|Any CPU.ActiveCfg = Release|Any CPU
		{9E8F1D50-74EA-4C60-BD5C-AB2C5B53BC66}.Release|Any CPU.Build.0 = Release|Any CPU
		{ACF2E926-F922-45A8-874B-967AD04BB837}.Debug|Any CPU.ActiveCfg = Debug|Any CPU
		{ACF2E926-F922-45A8-874B-967AD04BB837}.Debug|Any CPU.Build.0 = Debug|Any CPU
		{ACF2E926-F922-45A8-874B-967AD04BB837}.Release|Any CPU.ActiveCfg = Release|Any CPU
		{ACF2E926-F922-45A8-874B-967AD04BB837}.Release|Any CPU.Build.0 = Release|Any CPU
		{A89D7321-2EEE-4392-A8A8-03969A6E2FF4}.Debug|Any CPU.ActiveCfg = Debug|Any CPU
		{A89D7321-2EEE-4392-A8A8-03969A6E2FF4}.Debug|Any CPU.Build.0 = Debug|Any CPU
		{A89D7321-2EEE-4392-A8A8-03969A6E2FF4}.Release|Any CPU.ActiveCfg = Release|Any CPU
		{A89D7321-2EEE-4392-A8A8-03969A6E2FF4}.Release|Any CPU.Build.0 = Release|Any CPU
		{650058BD-DE0E-461A-9485-FCF279D984E0}.Debug|Any CPU.ActiveCfg = Debug|Any CPU
		{650058BD-DE0E-461A-9485-FCF279D984E0}.Debug|Any CPU.Build.0 = Debug|Any CPU
		{650058BD-DE0E-461A-9485-FCF279D984E0}.Release|Any CPU.ActiveCfg = Release|Any CPU
		{650058BD-DE0E-461A-9485-FCF279D984E0}.Release|Any CPU.Build.0 = Release|Any CPU
		{AC604BF5-6EDF-416C-A901-9C5F56C594E1}.Debug|Any CPU.ActiveCfg = Debug|Any CPU
		{AC604BF5-6EDF-416C-A901-9C5F56C594E1}.Debug|Any CPU.Build.0 = Debug|Any CPU
		{AC604BF5-6EDF-416C-A901-9C5F56C594E1}.Release|Any CPU.ActiveCfg = Release|Any CPU
		{AC604BF5-6EDF-416C-A901-9C5F56C594E1}.Release|Any CPU.Build.0 = Release|Any CPU
	EndGlobalSection
	GlobalSection(SolutionProperties) = preSolution
		HideSolutionNode = FALSE
	EndGlobalSection
	GlobalSection(NestedProjects) = preSolution
		{FEC9D60B-9365-46EE-B9F6-1C9B0E32005E} = {4DC7ACE3-AD17-4002-A9EB-15BB09862DCD}
		{9E8F1D50-74EA-4C60-BD5C-AB2C5B53BC66} = {48B716BE-EB07-4770-B325-978AD3FAABD1}
		{ACF2E926-F922-45A8-874B-967AD04BB837} = {48B716BE-EB07-4770-B325-978AD3FAABD1}
		{A89D7321-2EEE-4392-A8A8-03969A6E2FF4} = {4DC7ACE3-AD17-4002-A9EB-15BB09862DCD}
		{650058BD-DE0E-461A-9485-FCF279D984E0} = {48B716BE-EB07-4770-B325-978AD3FAABD1}
		{AC604BF5-6EDF-416C-A901-9C5F56C594E1} = {E1431001-4A8C-4CE2-831A-FB091EFB7E2E}
	EndGlobalSection
EndGlobal
